
Microsoft Visual Studio Solution File, Format Version 12.00
# Visual Studio Version 17
VisualStudioVersion = 17.14.36202.13 d17.14
MinimumVisualStudioVersion = 10.0.40219.1
Project("{FAE04EC0-301F-11D3-BF4B-00C04F79EFBC}") = "LibraryManagementSystem", "LibraryManagementSystemDB\LibraryManagementSystem.csproj", "{C3B0373B-718F-41C0-884E-733A5D575AC6}"
EndProject
Project("{FAE04EC0-301F-11D3-BF4B-00C04F79EFBC}") = "LibraryManagementSystem.Tests", "LibraryManagementSystem.Tests\LibraryManagementSystem.Tests.csproj", "{711C4D3D-12F6-4147-AD35-079E4835B506}"
EndProject
Global
	GlobalSection(SolutionConfigurationPlatforms) = preSolution
		Debug|Any CPU = Debug|Any CPU
		Release|Any CPU = Release|Any CPU
	EndGlobalSection
	GlobalSection(ProjectConfigurationPlatforms) = postSolution
		{C3B0373B-718F-41C0-884E-733A5D575AC6}.Debug|Any CPU.ActiveCfg = Debug|Any CPU
		{C3B0373B-718F-41C0-884E-733A5D575AC6}.Debug|Any CPU.Build.0 = Debug|Any CPU
		{C3B0373B-718F-41C0-884E-733A5D575AC6}.Release|Any CPU.ActiveCfg = Release|Any CPU
		{C3B0373B-718F-41C0-884E-733A5D575AC6}.Release|Any CPU.Build.0 = Release|Any CPU
		{711C4D3D-12F6-4147-AD35-079E4835B506}.Debug|Any CPU.ActiveCfg = Debug|Any CPU
		{711C4D3D-12F6-4147-AD35-079E4835B506}.Debug|Any CPU.Build.0 = Debug|Any CPU
		{711C4D3D-12F6-4147-AD35-079E4835B506}.Release|Any CPU.ActiveCfg = Release|Any CPU
		{711C4D3D-12F6-4147-AD35-079E4835B506}.Release|Any CPU.Build.0 = Release|Any CPU
	EndGlobalSection
	GlobalSection(SolutionProperties) = preSolution
		HideSolutionNode = FALSE
	EndGlobalSection
	GlobalSection(ExtensibilityGlobals) = postSolution
		SolutionGuid = {8A368CE3-17F1-46E2-805D-485C8FE94C5B}
	EndGlobalSection
EndGlobal
